
Microsoft Visual Studio Solution File, Format Version 12.00
# Visual Studio Version 17
VisualStudioVersion = 17.0.31903.59
MinimumVisualStudioVersion = 10.0.40219.1
Project("{2150E333-8FDC-42A3-9474-1A3956D46DE8}") = "src", "src", "{8CFDE219-DB89-4038-8E5D-589440DC95CC}"
EndProject
Project("{FAE04EC0-301F-11D3-BF4B-00C04F79EFBC}") = "BookStore", "src\BookStore\BookStore.csproj", "{B4189058-6CD2-4568-B3AB-A4E069212067}"
EndProject
Project("{FAE04EC0-301F-11D3-BF4B-00C04F79EFBC}") = "DemoGraphQL", "src\DemoGraphQL\DemoGraphQL.csproj", "{38F13DAE-3DFE-4D85-ABE2-33339B231843}"
EndProject
Global
	GlobalSection(SolutionConfigurationPlatforms) = preSolution
		Debug|Any CPU = Debug|Any CPU
		Release|Any CPU = Release|Any CPU
	EndGlobalSection
	GlobalSection(SolutionProperties) = preSolution
		HideSolutionNode = FALSE
	EndGlobalSection
	GlobalSection(ProjectConfigurationPlatforms) = postSolution
		{B4189058-6CD2-4568-B3AB-A4E069212067}.Debug|Any CPU.ActiveCfg = Debug|Any CPU
		{B4189058-6CD2-4568-B3AB-A4E069212067}.Debug|Any CPU.Build.0 = Debug|Any CPU
		{B4189058-6CD2-4568-B3AB-A4E069212067}.Release|Any CPU.ActiveCfg = Release|Any CPU
		{B4189058-6CD2-4568-B3AB-A4E069212067}.Release|Any CPU.Build.0 = Release|Any CPU
		{38F13DAE-3DFE-4D85-ABE2-33339B231843}.Debug|Any CPU.ActiveCfg = Debug|Any CPU
		{38F13DAE-3DFE-4D85-ABE2-33339B231843}.Debug|Any CPU.Build.0 = Debug|Any CPU
		{38F13DAE-3DFE-4D85-ABE2-33339B231843}.Release|Any CPU.ActiveCfg = Release|Any CPU
		{38F13DAE-3DFE-4D85-ABE2-33339B231843}.Release|Any CPU.Build.0 = Release|Any CPU
	EndGlobalSection
	GlobalSection(NestedProjects) = preSolution
		{B4189058-6CD2-4568-B3AB-A4E069212067} = {8CFDE219-DB89-4038-8E5D-589440DC95CC}
		{38F13DAE-3DFE-4D85-ABE2-33339B231843} = {8CFDE219-DB89-4038-8E5D-589440DC95CC}
	EndGlobalSection
EndGlobal
